# This file is automatically @generated by Poetry 2.1.2 and should not be changed by hand.

[[package]]
name = "asgiref"
version = "3.8.1"
description = "ASGI specs, helper code, and adapters"
optional = false
python-versions = ">=3.8"
groups = ["main"]
files = [
    {file = "asgiref-3.8.1-py3-none-any.whl", hash = "sha256:3e1e3ecc849832fe52ccf2cb6686b7a55f82bb1d6aee72a58826471390335e47"},
    {file = "asgiref-3.8.1.tar.gz", hash = "sha256:c343bd80a0bec947a9860adb4c432ffa7db769836c64238fc34bdc3fec84d590"},
]

[package.extras]
tests = ["mypy (>=0.800)", "pytest", "pytest-asyncio"]

[[package]]
name = "django"
version = "5.2"
description = "A high-level Python web framework that encourages rapid development and clean, pragmatic design."
optional = false
python-versions = ">=3.10"
groups = ["main"]
files = [
    {file = "Django-5.2-py3-none-any.whl", hash = "sha256:91ceed4e3a6db5aedced65e3c8f963118ea9ba753fc620831c77074e620e7d83"},
    {file = "Django-5.2.tar.gz", hash = "sha256:1a47f7a7a3d43ce64570d350e008d2949abe8c7e21737b351b6a1611277c6d89"},
]

[package.dependencies]
asgiref = ">=3.8.1"
sqlparse = ">=0.3.1"
tzdata = {version = "*", markers = "sys_platform == \"win32\""}

[package.extras]
argon2 = ["argon2-cffi (>=19.1.0)"]
bcrypt = ["bcrypt"]

[[package]]
name = "ruff"
version = "0.11.5"
description = "An extremely fast Python linter and code formatter, written in Rust."
optional = false
python-versions = ">=3.7"
groups = ["main"]
files = [
    {file = "ruff-0.11.5-py3-none-linux_armv6l.whl", hash = "sha256:2561294e108eb648e50f210671cc56aee590fb6167b594144401532138c66c7b"},
    {file = "ruff-0.11.5-py3-none-macosx_10_12_x86_64.whl", hash = "sha256:ac12884b9e005c12d0bd121f56ccf8033e1614f736f766c118ad60780882a077"},
    {file = "ruff-0.11.5-py3-none-macosx_11_0_arm64.whl", hash = "sha256:4bfd80a6ec559a5eeb96c33f832418bf0fb96752de0539905cf7b0cc1d31d779"},
    {file = "ruff-0.11.5-py3-none-manylinux_2_17_aarch64.manylinux2014_aarch64.whl", hash = "sha256:0947c0a1afa75dcb5db4b34b070ec2bccee869d40e6cc8ab25aca11a7d527794"},
    {file = "ruff-0.11.5-py3-none-manylinux_2_17_armv7l.manylinux2014_armv7l.whl", hash = "sha256:ad871ff74b5ec9caa66cb725b85d4ef89b53f8170f47c3406e32ef040400b038"},
    {file = "ruff-0.11.5-py3-none-manylinux_2_17_i686.manylinux2014_i686.whl", hash = "sha256:e6cf918390cfe46d240732d4d72fa6e18e528ca1f60e318a10835cf2fa3dc19f"},
    {file = "ruff-0.11.5-py3-none-manylinux_2_17_ppc64.manylinux2014_ppc64.whl", hash = "sha256:56145ee1478582f61c08f21076dc59153310d606ad663acc00ea3ab5b2125f82"},
    {file = "ruff-0.11.5-py3-none-manylinux_2_17_ppc64le.manylinux2014_ppc64le.whl", hash = "sha256:e5f66f8f1e8c9fc594cbd66fbc5f246a8d91f916cb9667e80208663ec3728304"},
    {file = "ruff-0.11.5-py3-none-manylinux_2_17_s390x.manylinux2014_s390x.whl", hash = "sha256:80b4df4d335a80315ab9afc81ed1cff62be112bd165e162b5eed8ac55bfc8470"},
    {file = "ruff-0.11.5-py3-none-manylinux_2_17_x86_64.manylinux2014_x86_64.whl", hash = "sha256:3068befab73620b8a0cc2431bd46b3cd619bc17d6f7695a3e1bb166b652c382a"},
    {file = "ruff-0.11.5-py3-none-musllinux_1_2_aarch64.whl", hash = "sha256:f5da2e710a9641828e09aa98b92c9ebbc60518fdf3921241326ca3e8f8e55b8b"},
    {file = "ruff-0.11.5-py3-none-musllinux_1_2_armv7l.whl", hash = "sha256:ef39f19cb8ec98cbc762344921e216f3857a06c47412030374fffd413fb8fd3a"},
    {file = "ruff-0.11.5-py3-none-musllinux_1_2_i686.whl", hash = "sha256:b2a7cedf47244f431fd11aa5a7e2806dda2e0c365873bda7834e8f7d785ae159"},
    {file = "ruff-0.11.5-py3-none-musllinux_1_2_x86_64.whl", hash = "sha256:81be52e7519f3d1a0beadcf8e974715b2dfc808ae8ec729ecfc79bddf8dbb783"},
    {file = "ruff-0.11.5-py3-none-win32.whl", hash = "sha256:e268da7b40f56e3eca571508a7e567e794f9bfcc0f412c4b607931d3af9c4afe"},
    {file = "ruff-0.11.5-py3-none-win_amd64.whl", hash = "sha256:6c6dc38af3cfe2863213ea25b6dc616d679205732dc0fb673356c2d69608f800"},
    {file = "ruff-0.11.5-py3-none-win_arm64.whl", hash = "sha256:67e241b4314f4eacf14a601d586026a962f4002a475aa702c69980a38087aa4e"},
    {file = "ruff-0.11.5.tar.gz", hash = "sha256:cae2e2439cb88853e421901ec040a758960b576126dab520fa08e9de431d1bef"},
]

[[package]]
name = "sqlparse"
version = "0.5.3"
description = "A non-validating SQL parser."
optional = false
python-versions = ">=3.8"
groups = ["main"]
files = [
    {file = "sqlparse-0.5.3-py3-none-any.whl", hash = "sha256:cf2196ed3418f3ba5de6af7e82c694a9fbdbfecccdfc72e281548517081f16ca"},
    {file = "sqlparse-0.5.3.tar.gz", hash = "sha256:09f67787f56a0b16ecdbde1bfc7f5d9c3371ca683cfeaa8e6ff60b4807ec9272"},
]

[package.extras]
dev = ["build", "hatch"]
doc = ["sphinx"]

[[package]]
name = "tzdata"
version = "2025.2"
description = "Provider of IANA time zone data"
optional = false
python-versions = ">=2"
groups = ["main"]
markers = "sys_platform == \"win32\""
files = [
    {file = "tzdata-2025.2-py2.py3-none-any.whl", hash = "sha256:1a403fada01ff9221ca8044d701868fa132215d84beb92242d9acd2147f667a8"},
    {file = "tzdata-2025.2.tar.gz", hash = "sha256:b60a638fcc0daffadf82fe0f57e53d06bdec2f36c4df66280ae79bce6bd6f2b9"},
]

[metadata]
lock-version = "2.1"
python-versions = ">=3.13"
content-hash = "ce0baec2f702eb4ced6e884e468946cbfe8fd9f6d7fddc6f8648610bc0a4d36d"
